
Microsoft Visual Studio Solution File, Format Version 12.00
# Visual Studio Version 16
VisualStudioVersion = 16.0.30406.217
MinimumVisualStudioVersion = 10.0.40219.1
Project("{FAE04EC0-301F-11D3-BF4B-00C04F79EFBC}") = "AirportModels", "AirportModels\AirportModels.csproj", "{34ECC9C5-0667-4B59-BB88-DE6B6D1EDD9A}"
EndProject
Global
	GlobalSection(SolutionConfigurationPlatforms) = preSolution
		Debug|Any CPU = Debug|Any CPU
		Release|Any CPU = Release|Any CPU
	EndGlobalSection
	GlobalSection(ProjectConfigurationPlatforms) = postSolution
		{34ECC9C5-0667-4B59-BB88-DE6B6D1EDD9A}.Debug|Any CPU.ActiveCfg = Debug|Any CPU
		{34ECC9C5-0667-4B59-BB88-DE6B6D1EDD9A}.Debug|Any CPU.Build.0 = Debug|Any CPU
		{34ECC9C5-0667-4B59-BB88-DE6B6D1EDD9A}.Release|Any CPU.ActiveCfg = Release|Any CPU
		{34ECC9C5-0667-4B59-BB88-DE6B6D1EDD9A}.Release|Any CPU.Build.0 = Release|Any CPU
	EndGlobalSection
	GlobalSection(SolutionProperties) = preSolution
		HideSolutionNode = FALSE
	EndGlobalSection
	GlobalSection(ExtensibilityGlobals) = postSolution
		SolutionGuid = {F2B71AEE-C502-4B23-B033-53FEDA711D32}
	EndGlobalSection
EndGlobal
